{
  "requires": true,
  "lockfileVersion": 1,
  "dependencies": {
    "jquery": {
      "version": "3.5.0",
      "resolved": "https://registry.npmjs.org/jquery/-/jquery-3.5.0.tgz",
      "integrity": "sha512-Xb7SVYMvygPxbFMpTFQiHh1J7HClEaThguL15N/Gg37Lri/qKyhRGZYzHRyLH8Stq3Aow0LsHO2O2ci86fCrNQ=="
    },
    "mathjax": {
      "version": "3.0.1",
      "resolved": "https://registry.npmjs.org/mathjax/-/mathjax-3.0.1.tgz",
      "integrity": "sha512-hrwOeKm3b1X4zpvLRSX89y3MZLRJTq0bSGIbo5M6BANOeGlL2z8Y8mZaKRFJ/WY4qcIrHp3f+Q9RWIaldOCUVg=="
    },
    "simplelightbox": {
      "version": "1.17.3",
      "resolved": "https://registry.npmjs.org/simplelightbox/-/simplelightbox-1.17.3.tgz",
      "integrity": "sha512-PMQteGjJAgcRuxaOLtmc9RHIIyoyLQUoT0PprzeRwJSmV6SqwsKKYE4yA6O9um5bJw7suf5BMos52C5HBEg5Eg==",
      "requires": {
        "jquery": ">=1.7.0"
      }
    }
  }
}
